
Microsoft Visual Studio Solution File, Format Version 12.00
# Visual Studio Version 16
VisualStudioVersion = 16.0.31729.503
MinimumVisualStudioVersion = 10.0.40219.1
Project("{9A19103F-16F7-4668-BE54-9A1E7A4F7556}") = "WarframeAPI", "WarframeAPI\WarframeAPI.csproj", "{442E9BAA-8256-47EE-953C-7A9DE318F99D}"
EndProject
Project("{FAE04EC0-301F-11D3-BF4B-00C04F79EFBC}") = "Test", "Test\Test.csproj", "{B69FED86-484B-48CA-8C25-904E13CA4448}"
EndProject
Global
	GlobalSection(SolutionConfigurationPlatforms) = preSolution
		Debug|Any CPU = Debug|Any CPU
		Release|Any CPU = Release|Any CPU
	EndGlobalSection
	GlobalSection(ProjectConfigurationPlatforms) = postSolution
		{442E9BAA-8256-47EE-953C-7A9DE318F99D}.Debug|Any CPU.ActiveCfg = Debug|Any CPU
		{442E9BAA-8256-47EE-953C-7A9DE318F99D}.Debug|Any CPU.Build.0 = Debug|Any CPU
		{442E9BAA-8256-47EE-953C-7A9DE318F99D}.Release|Any CPU.ActiveCfg = Release|Any CPU
		{442E9BAA-8256-47EE-953C-7A9DE318F99D}.Release|Any CPU.Build.0 = Release|Any CPU
		{B69FED86-484B-48CA-8C25-904E13CA4448}.Debug|Any CPU.ActiveCfg = Debug|Any CPU
		{B69FED86-484B-48CA-8C25-904E13CA4448}.Debug|Any CPU.Build.0 = Debug|Any CPU
		{B69FED86-484B-48CA-8C25-904E13CA4448}.Release|Any CPU.ActiveCfg = Release|Any CPU
		{B69FED86-484B-48CA-8C25-904E13CA4448}.Release|Any CPU.Build.0 = Release|Any CPU
	EndGlobalSection
	GlobalSection(SolutionProperties) = preSolution
		HideSolutionNode = FALSE
	EndGlobalSection
	GlobalSection(ExtensibilityGlobals) = postSolution
		SolutionGuid = {0A86891F-8677-4C40-9B87-258488239680}
	EndGlobalSection
EndGlobal
